
Microsoft Visual Studio Solution File, Format Version 12.00
# Visual Studio Version 17
VisualStudioVersion = 17.10.35013.160
MinimumVisualStudioVersion = 10.0.40219.1
Project("{FAE04EC0-301F-11D3-BF4B-00C04F79EFBC}") = "Account", "Account\Account.csproj", "{03462F1B-5049-4E84-B209-F182F1CD4CA3}"
EndProject
Global
	GlobalSection(SolutionConfigurationPlatforms) = preSolution
		Debug|Any CPU = Debug|Any CPU
		Release|Any CPU = Release|Any CPU
	EndGlobalSection
	GlobalSection(ProjectConfigurationPlatforms) = postSolution
		{03462F1B-5049-4E84-B209-F182F1CD4CA3}.Debug|Any CPU.ActiveCfg = Debug|Any CPU
		{03462F1B-5049-4E84-B209-F182F1CD4CA3}.Debug|Any CPU.Build.0 = Debug|Any CPU
		{03462F1B-5049-4E84-B209-F182F1CD4CA3}.Release|Any CPU.ActiveCfg = Release|Any CPU
		{03462F1B-5049-4E84-B209-F182F1CD4CA3}.Release|Any CPU.Build.0 = Release|Any CPU
	EndGlobalSection
	GlobalSection(SolutionProperties) = preSolution
		HideSolutionNode = FALSE
	EndGlobalSection
	GlobalSection(ExtensibilityGlobals) = postSolution
		SolutionGuid = {95799814-32C4-42EA-82DB-4F0FF9895D92}
	EndGlobalSection
EndGlobal
